
Microsoft Visual Studio Solution File, Format Version 12.00
# Visual Studio Version 17
VisualStudioVersion = 17.10.35122.118
MinimumVisualStudioVersion = 10.0.40219.1
Project("{9A19103F-16F7-4668-BE54-9A1E7A4F7556}") = "Local_Market_Place.Server", "Local_Market_Place\Local_Market_Place.Server\Local_Market_Place.Server.csproj", "{16A27075-A402-42D7-8798-BA81760A4005}"
EndProject
Project("{54A90642-561A-4BB1-A94E-469ADEE60C69}") = "local_market_place.client", "Local_Market_Place\local_market_place.client\local_market_place.client.esproj", "{D2B6A586-71E0-48B4-ACFE-D6200FD2810E}"
EndProject
Project("{FAE04EC0-301F-11D3-BF4B-00C04F79EFBC}") = "Local_Market_Place_001", "Local_Market_Place_001\Local_Market_Place_001.csproj", "{973C01DA-A8A7-4085-88F6-351B0CE1A283}"
EndProject
Global
	GlobalSection(SolutionConfigurationPlatforms) = preSolution
		Debug|Any CPU = Debug|Any CPU
		Release|Any CPU = Release|Any CPU
	EndGlobalSection
	GlobalSection(ProjectConfigurationPlatforms) = postSolution
		{16A27075-A402-42D7-8798-BA81760A4005}.Debug|Any CPU.ActiveCfg = Debug|Any CPU
		{16A27075-A402-42D7-8798-BA81760A4005}.Debug|Any CPU.Build.0 = Debug|Any CPU
		{16A27075-A402-42D7-8798-BA81760A4005}.Release|Any CPU.ActiveCfg = Release|Any CPU
		{16A27075-A402-42D7-8798-BA81760A4005}.Release|Any CPU.Build.0 = Release|Any CPU
		{D2B6A586-71E0-48B4-ACFE-D6200FD2810E}.Debug|Any CPU.ActiveCfg = Debug|Any CPU
		{D2B6A586-71E0-48B4-ACFE-D6200FD2810E}.Debug|Any CPU.Build.0 = Debug|Any CPU
		{D2B6A586-71E0-48B4-ACFE-D6200FD2810E}.Debug|Any CPU.Deploy.0 = Debug|Any CPU
		{D2B6A586-71E0-48B4-ACFE-D6200FD2810E}.Release|Any CPU.ActiveCfg = Release|Any CPU
		{D2B6A586-71E0-48B4-ACFE-D6200FD2810E}.Release|Any CPU.Build.0 = Release|Any CPU
		{D2B6A586-71E0-48B4-ACFE-D6200FD2810E}.Release|Any CPU.Deploy.0 = Release|Any CPU
		{973C01DA-A8A7-4085-88F6-351B0CE1A283}.Debug|Any CPU.ActiveCfg = Debug|Any CPU
		{973C01DA-A8A7-4085-88F6-351B0CE1A283}.Debug|Any CPU.Build.0 = Debug|Any CPU
		{973C01DA-A8A7-4085-88F6-351B0CE1A283}.Release|Any CPU.ActiveCfg = Release|Any CPU
		{973C01DA-A8A7-4085-88F6-351B0CE1A283}.Release|Any CPU.Build.0 = Release|Any CPU
	EndGlobalSection
	GlobalSection(SolutionProperties) = preSolution
		HideSolutionNode = FALSE
	EndGlobalSection
	GlobalSection(ExtensibilityGlobals) = postSolution
		SolutionGuid = {DF907C66-63B6-4122-9E40-94A618C875D7}
	EndGlobalSection
EndGlobal
